
Microsoft Visual Studio Solution File, Format Version 11.00
# Visual Studio 2010
Project("{FAE04EC0-301F-11D3-BF4B-00C04F79EFBC}") = "MapCreator", "MapCreator\MapCreator.csproj", "{9EA40986-F6EE-45E7-8495-4EA3597CEEB3}"
EndProject
Global
	GlobalSection(SolutionConfigurationPlatforms) = preSolution
		Debug x64|Any CPU = Debug x64|Any CPU
		Debug x64|x64 = Debug x64|x64
		Debug x64|x86 = Debug x64|x86
		Debug x86|Any CPU = Debug x86|Any CPU
		Debug x86|x64 = Debug x86|x64
		Debug x86|x86 = Debug x86|x86
		Release x64|Any CPU = Release x64|Any CPU
		Release x64|x64 = Release x64|x64
		Release x64|x86 = Release x64|x86
		Release x86|Any CPU = Release x86|Any CPU
		Release x86|x64 = Release x86|x64
		Release x86|x86 = Release x86|x86
	EndGlobalSection
	GlobalSection(ProjectConfigurationPlatforms) = postSolution
		{9EA40986-F6EE-45E7-8495-4EA3597CEEB3}.Debug x64|Any CPU.ActiveCfg = Debug x64|x86
		{9EA40986-F6EE-45E7-8495-4EA3597CEEB3}.Debug x64|x64.ActiveCfg = Debug x64|x64
		{9EA40986-F6EE-45E7-8495-4EA3597CEEB3}.Debug x64|x64.Build.0 = Debug x64|x64
		{9EA40986-F6EE-45E7-8495-4EA3597CEEB3}.Debug x64|x86.ActiveCfg = Debug x64|x64
		{9EA40986-F6EE-45E7-8495-4EA3597CEEB3}.Debug x64|x86.Build.0 = Debug x64|x64
		{9EA40986-F6EE-45E7-8495-4EA3597CEEB3}.Debug x86|Any CPU.ActiveCfg = Debug x86|x86
		{9EA40986-F6EE-45E7-8495-4EA3597CEEB3}.Debug x86|x64.ActiveCfg = Debug x86|x64
		{9EA40986-F6EE-45E7-8495-4EA3597CEEB3}.Debug x86|x64.Build.0 = Debug x86|x64
		{9EA40986-F6EE-45E7-8495-4EA3597CEEB3}.Debug x86|x86.ActiveCfg = Debug x86|x86
		{9EA40986-F6EE-45E7-8495-4EA3597CEEB3}.Debug x86|x86.Build.0 = Debug x86|x86
		{9EA40986-F6EE-45E7-8495-4EA3597CEEB3}.Release x64|Any CPU.ActiveCfg = Release x64|x86
		{9EA40986-F6EE-45E7-8495-4EA3597CEEB3}.Release x64|x64.ActiveCfg = Release x64|x64
		{9EA40986-F6EE-45E7-8495-4EA3597CEEB3}.Release x64|x64.Build.0 = Release x64|x64
		{9EA40986-F6EE-45E7-8495-4EA3597CEEB3}.Release x64|x86.ActiveCfg = Release x64|x64
		{9EA40986-F6EE-45E7-8495-4EA3597CEEB3}.Release x64|x86.Build.0 = Release x64|x64
		{9EA40986-F6EE-45E7-8495-4EA3597CEEB3}.Release x86|Any CPU.ActiveCfg = Release x86|x86
		{9EA40986-F6EE-45E7-8495-4EA3597CEEB3}.Release x86|x64.ActiveCfg = Release x86|x64
		{9EA40986-F6EE-45E7-8495-4EA3597CEEB3}.Release x86|x64.Build.0 = Release x86|x64
		{9EA40986-F6EE-45E7-8495-4EA3597CEEB3}.Release x86|x86.ActiveCfg = Release x86|x86
		{9EA40986-F6EE-45E7-8495-4EA3597CEEB3}.Release x86|x86.Build.0 = Release x86|x86
	EndGlobalSection
	GlobalSection(SolutionProperties) = preSolution
		HideSolutionNode = FALSE
	EndGlobalSection
EndGlobal
