
Microsoft Visual Studio Solution File, Format Version 11.00
# Visual Studio 2010
Project("{FAE04EC0-301F-11D3-BF4B-00C04F79EFBC}") = "MapCreator", "MapCreator\MapCreator.csproj", "{9EA40986-F6EE-45E7-8495-4EA3597CEEB3}"
EndProject
Project("{FAE04EC0-301F-11D3-BF4B-00C04F79EFBC}") = "NifLib.NET", "..\Niflib.NET\NifLib.NET\NifLib.NET.csproj", "{52F83B1D-16F5-4776-B862-A937BC01FA43}"
EndProject
Project("{FAE04EC0-301F-11D3-BF4B-00C04F79EFBC}") = "NifUtil", "..\NifParser\NifParser\NifUtil.csproj", "{5DBE9619-3038-463E-9C7A-51C8043344EE}"
EndProject
Global
	GlobalSection(SolutionConfigurationPlatforms) = preSolution
		Debug x86|Any CPU = Debug x86|Any CPU
		Debug|Any CPU = Debug|Any CPU
		Release x86|Any CPU = Release x86|Any CPU
		Release|Any CPU = Release|Any CPU
	EndGlobalSection
	GlobalSection(ProjectConfigurationPlatforms) = postSolution
		{9EA40986-F6EE-45E7-8495-4EA3597CEEB3}.Debug x86|Any CPU.ActiveCfg = Debug x86|x86
		{9EA40986-F6EE-45E7-8495-4EA3597CEEB3}.Debug x86|Any CPU.Build.0 = Debug x86|x86
		{9EA40986-F6EE-45E7-8495-4EA3597CEEB3}.Debug|Any CPU.ActiveCfg = Debug|x64
		{9EA40986-F6EE-45E7-8495-4EA3597CEEB3}.Debug|Any CPU.Build.0 = Debug|x64
		{9EA40986-F6EE-45E7-8495-4EA3597CEEB3}.Release x86|Any CPU.ActiveCfg = Release x86|x86
		{9EA40986-F6EE-45E7-8495-4EA3597CEEB3}.Release x86|Any CPU.Build.0 = Release x86|x86
		{9EA40986-F6EE-45E7-8495-4EA3597CEEB3}.Release|Any CPU.ActiveCfg = Release|x64
		{9EA40986-F6EE-45E7-8495-4EA3597CEEB3}.Release|Any CPU.Build.0 = Release|x64
		{52F83B1D-16F5-4776-B862-A937BC01FA43}.Debug x86|Any CPU.ActiveCfg = Debug|Any CPU
		{52F83B1D-16F5-4776-B862-A937BC01FA43}.Debug x86|Any CPU.Build.0 = Debug|Any CPU
		{52F83B1D-16F5-4776-B862-A937BC01FA43}.Debug|Any CPU.ActiveCfg = Debug|Any CPU
		{52F83B1D-16F5-4776-B862-A937BC01FA43}.Debug|Any CPU.Build.0 = Debug|Any CPU
		{52F83B1D-16F5-4776-B862-A937BC01FA43}.Release x86|Any CPU.ActiveCfg = Release|Any CPU
		{52F83B1D-16F5-4776-B862-A937BC01FA43}.Release x86|Any CPU.Build.0 = Release|Any CPU
		{52F83B1D-16F5-4776-B862-A937BC01FA43}.Release|Any CPU.ActiveCfg = Release|Any CPU
		{52F83B1D-16F5-4776-B862-A937BC01FA43}.Release|Any CPU.Build.0 = Release|Any CPU
		{5DBE9619-3038-463E-9C7A-51C8043344EE}.Debug x86|Any CPU.ActiveCfg = Debug|Any CPU
		{5DBE9619-3038-463E-9C7A-51C8043344EE}.Debug x86|Any CPU.Build.0 = Debug|Any CPU
		{5DBE9619-3038-463E-9C7A-51C8043344EE}.Debug|Any CPU.ActiveCfg = Debug|Any CPU
		{5DBE9619-3038-463E-9C7A-51C8043344EE}.Debug|Any CPU.Build.0 = Debug|Any CPU
		{5DBE9619-3038-463E-9C7A-51C8043344EE}.Release x86|Any CPU.ActiveCfg = Release|Any CPU
		{5DBE9619-3038-463E-9C7A-51C8043344EE}.Release x86|Any CPU.Build.0 = Release|Any CPU
		{5DBE9619-3038-463E-9C7A-51C8043344EE}.Release|Any CPU.ActiveCfg = Release|Any CPU
		{5DBE9619-3038-463E-9C7A-51C8043344EE}.Release|Any CPU.Build.0 = Release|Any CPU
	EndGlobalSection
	GlobalSection(SolutionProperties) = preSolution
		HideSolutionNode = FALSE
	EndGlobalSection
EndGlobal
